// !$*UTF8*$!
{
	archiveVersion = 1;
	classes = {
	};
	objectVersion = 52;
	objects = {

/* Begin PBXBuildFile section */
		AA02165426AE3A3E00FAC169 /* AppDelegate.swift in Sources */ = {isa = PBXBuildFile; fileRef = AA02165326AE3A3E00FAC169 /* AppDelegate.swift */; };
		AA02165626AE3A3E00FAC169 /* SceneDelegate.swift in Sources */ = {isa = PBXBuildFile; fileRef = AA02165526AE3A3E00FAC169 /* SceneDelegate.swift */; };
		AA02165826AE3A3E00FAC169 /* ViewController.swift in Sources */ = {isa = PBXBuildFile; fileRef = AA02165726AE3A3E00FAC169 /* ViewController.swift */; };
		AA02165B26AE3A3E00FAC169 /* Main.storyboard in Resources */ = {isa = PBXBuildFile; fileRef = AA02165926AE3A3E00FAC169 /* Main.storyboard */; };
		AA02165D26AE3A3F00FAC169 /* Assets.xcassets in Resources */ = {isa = PBXBuildFile; fileRef = AA02165C26AE3A3F00FAC169 /* Assets.xcassets */; };
		AA02166026AE3A3F00FAC169 /* LaunchScreen.storyboard in Resources */ = {isa = PBXBuildFile; fileRef = AA02165E26AE3A3F00FAC169 /* LaunchScreen.storyboard */; };
		AA02166926AE3AAB00FAC169 /* MessageKit in Frameworks */ = {isa = PBXBuildFile; productRef = AA02166826AE3AAB00FAC169 /* MessageKit */; };
		AA02166C26AE3AC200FAC169 /* SwiftyJSON in Frameworks */ = {isa = PBXBuildFile; productRef = AA02166B26AE3AC200FAC169 /* SwiftyJSON */; };
		AA02166F26AE3ADC00FAC169 /* Alamofire in Frameworks */ = {isa = PBXBuildFile; productRef = AA02166E26AE3ADC00FAC169 /* Alamofire */; };
/* End PBXBuildFile section */

/* Begin PBXFileReference section */
		AA02165026AE3A3E00FAC169 /* Camp_SentimentBot_UIKit.app */ = {isa = PBXFileReference; explicitFileType = wrapper.application; includeInIndex = 0; path = Camp_SentimentBot_UIKit.app; sourceTree = BUILT_PRODUCTS_DIR; };
		AA02165326AE3A3E00FAC169 /* AppDelegate.swift */ = {isa = PBXFileReference; lastKnownFileType = sourcecode.swift; path = AppDelegate.swift; sourceTree = "<group>"; };
		AA02165526AE3A3E00FAC169 /* SceneDelegate.swift */ = {isa = PBXFileReference; lastKnownFileType = sourcecode.swift; path = SceneDelegate.swift; sourceTree = "<group>"; };
		AA02165726AE3A3E00FAC169 /* ViewController.swift */ = {isa = PBXFileReference; lastKnownFileType = sourcecode.swift; path = ViewController.swift; sourceTree = "<group>"; };
		AA02165A26AE3A3E00FAC169 /* Base */ = {isa = PBXFileReference; lastKnownFileType = file.storyboard; name = Base; path = Base.lproj/Main.storyboard; sourceTree = "<group>"; };
		AA02165C26AE3A3F00FAC169 /* Assets.xcassets */ = {isa = PBXFileReference; lastKnownFileType = folder.assetcatalog; path = Assets.xcassets; sourceTree = "<group>"; };
		AA02165F26AE3A3F00FAC169 /* Base */ = {isa = PBXFileReference; lastKnownFileType = file.storyboard; name = Base; path = Base.lproj/LaunchScreen.storyboard; sourceTree = "<group>"; };
		AA02166126AE3A3F00FAC169 /* Info.plist */ = {isa = PBXFileReference; lastKnownFileType = text.plist.xml; path = Info.plist; sourceTree = "<group>"; };
/* End PBXFileReference section */

/* Begin PBXFrameworksBuildPhase section */
		AA02164D26AE3A3E00FAC169 /* Frameworks */ = {
			isa = PBXFrameworksBuildPhase;
			buildActionMask = 2147483647;
			files = (
				AA02166F26AE3ADC00FAC169 /* Alamofire in Frameworks */,
				AA02166C26AE3AC200FAC169 /* SwiftyJSON in Frameworks */,
				AA02166926AE3AAB00FAC169 /* MessageKit in Frameworks */,
			);
			runOnlyForDeploymentPostprocessing = 0;
		};
/* End PBXFrameworksBuildPhase section */

/* Begin PBXGroup section */
		AA02164726AE3A3D00FAC169 = {
			isa = PBXGroup;
			children = (
				AA02165226AE3A3E00FAC169 /* Camp_SentimentBot_UIKit */,
				AA02165126AE3A3E00FAC169 /* Products */,
			);
			sourceTree = "<group>";
		};
		AA02165126AE3A3E00FAC169 /* Products */ = {
			isa = PBXGroup;
			children = (
				AA02165026AE3A3E00FAC169 /* Camp_SentimentBot_UIKit.app */,
			);
			name = Products;
			sourceTree = "<group>";
		};
		AA02165226AE3A3E00FAC169 /* Camp_SentimentBot_UIKit */ = {
			isa = PBXGroup;
			children = (
				AA02165326AE3A3E00FAC169 /* AppDelegate.swift */,
				AA02165526AE3A3E00FAC169 /* SceneDelegate.swift */,
				AA02165726AE3A3E00FAC169 /* ViewController.swift */,
				AA02165926AE3A3E00FAC169 /* Main.storyboard */,
				AA02165C26AE3A3F00FAC169 /* Assets.xcassets */,
				AA02165E26AE3A3F00FAC169 /* LaunchScreen.storyboard */,
				AA02166126AE3A3F00FAC169 /* Info.plist */,
			);
			path = Camp_SentimentBot_UIKit;
			sourceTree = "<group>";
		};
/* End PBXGroup section */

/* Begin PBXNativeTarget section */
		AA02164F26AE3A3E00FAC169 /* Camp_SentimentBot_UIKit */ = {
			isa = PBXNativeTarget;
			buildConfigurationList = AA02166426AE3A3F00FAC169 /* Build configuration list for PBXNativeTarget "Camp_SentimentBot_UIKit" */;
			buildPhases = (
				AA02164C26AE3A3E00FAC169 /* Sources */,
				AA02164D26AE3A3E00FAC169 /* Frameworks */,
				AA02164E26AE3A3E00FAC169 /* Resources */,
			);
			buildRules = (
			);
			dependencies = (
			);
			name = Camp_SentimentBot_UIKit;
			packageProductDependencies = (
				AA02166826AE3AAB00FAC169 /* MessageKit */,
				AA02166B26AE3AC200FAC169 /* SwiftyJSON */,
				AA02166E26AE3ADC00FAC169 /* Alamofire */,
			);
			productName = Camp_SentimentBot_UIKit;
			productReference = AA02165026AE3A3E00FAC169 /* Camp_SentimentBot_UIKit.app */;
			productType = "com.apple.product-type.application";
		};
/* End PBXNativeTarget section */

/* Begin PBXProject section */
		AA02164826AE3A3D00FAC169 /* Project object */ = {
			isa = PBXProject;
			attributes = {
				LastSwiftUpdateCheck = 1250;
				LastUpgradeCheck = 1250;
				TargetAttributes = {
					AA02164F26AE3A3E00FAC169 = {
						CreatedOnToolsVersion = 12.5.1;
					};
				};
			};
			buildConfigurationList = AA02164B26AE3A3D00FAC169 /* Build configuration list for PBXProject "Camp_SentimentBot_UIKit" */;
			compatibilityVersion = "Xcode 9.3";
			developmentRegion = en;
			hasScannedForEncodings = 0;
			knownRegions = (
				en,
				Base,
			);
			mainGroup = AA02164726AE3A3D00FAC169;
			packageReferences = (
				AA02166726AE3AAB00FAC169 /* XCRemoteSwiftPackageReference "MessageKit" */,
				AA02166A26AE3AC100FAC169 /* XCRemoteSwiftPackageReference "SwiftyJSON" */,
				AA02166D26AE3ADC00FAC169 /* XCRemoteSwiftPackageReference "Alamofire" */,
			);
			productRefGroup = AA02165126AE3A3E00FAC169 /* Products */;
			projectDirPath = "";
			projectRoot = "";
			targets = (
				AA02164F26AE3A3E00FAC169 /* Camp_SentimentBot_UIKit */,
			);
		};
/* End PBXProject section */

/* Begin PBXResourcesBuildPhase section */
		AA02164E26AE3A3E00FAC169 /* Resources */ = {
			isa = PBXResourcesBuildPhase;
			buildActionMask = 2147483647;
			files = (
				AA02166026AE3A3F00FAC169 /* LaunchScreen.storyboard in Resources */,
				AA02165D26AE3A3F00FAC169 /* Assets.xcassets in Resources */,
				AA02165B26AE3A3E00FAC169 /* Main.storyboard in Resources */,
			);
			runOnlyForDeploymentPostprocessing = 0;
		};
/* End PBXResourcesBuildPhase section */

/* Begin PBXSourcesBuildPhase section */
		AA02164C26AE3A3E00FAC169 /* Sources */ = {
			isa = PBXSourcesBuildPhase;
			buildActionMask = 2147483647;
			files = (
				AA02165826AE3A3E00FAC169 /* ViewController.swift in Sources */,
				AA02165426AE3A3E00FAC169 /* AppDelegate.swift in Sources */,
				AA02165626AE3A3E00FAC169 /* SceneDelegate.swift in Sources */,
			);
			runOnlyForDeploymentPostprocessing = 0;
		};
/* End PBXSourcesBuildPhase section */

/* Begin PBXVariantGroup section */
		AA02165926AE3A3E00FAC169 /* Main.storyboard */ = {
			isa = PBXVariantGroup;
			children = (
				AA02165A26AE3A3E00FAC169 /* Base */,
			);
			name = Main.storyboard;
			sourceTree = "<group>";
		};
		AA02165E26AE3A3F00FAC169 /* LaunchScreen.storyboard */ = {
			isa = PBXVariantGroup;
			children = (
				AA02165F26AE3A3F00FAC169 /* Base */,
			);
			name = LaunchScreen.storyboard;
			sourceTree = "<group>";
		};
/* End PBXVariantGroup section */

/* Begin XCBuildConfiguration section */
		AA02166226AE3A3F00FAC169 /* Debug */ = {
			isa = XCBuildConfiguration;
			buildSettings = {
				ALWAYS_SEARCH_USER_PATHS = NO;
				CLANG_ANALYZER_NONNULL = YES;
				CLANG_ANALYZER_NUMBER_OBJECT_CONVERSION = YES_AGGRESSIVE;
				CLANG_CXX_LANGUAGE_STANDARD = "gnu++14";
				CLANG_CXX_LIBRARY = "libc++";
				CLANG_ENABLE_MODULES = YES;
				CLANG_ENABLE_OBJC_ARC = YES;
				CLANG_ENABLE_OBJC_WEAK = YES;
				CLANG_WARN_BLOCK_CAPTURE_AUTORELEASING = YES;
				CLANG_WARN_BOOL_CONVERSION = YES;
				CLANG_WARN_COMMA = YES;
				CLANG_WARN_CONSTANT_CONVERSION = YES;
				CLANG_WARN_DEPRECATED_OBJC_IMPLEMENTATIONS = YES;
				CLANG_WARN_DIRECT_OBJC_ISA_USAGE = YES_ERROR;
				CLANG_WARN_DOCUMENTATION_COMMENTS = YES;
				CLANG_WARN_EMPTY_BODY = YES;
				CLANG_WARN_ENUM_CONVERSION = YES;
				CLANG_WARN_INFINITE_RECURSION = YES;
				CLANG_WARN_INT_CONVERSION = YES;
				CLANG_WARN_NON_LITERAL_NULL_CONVERSION = YES;
				CLANG_WARN_OBJC_IMPLICIT_RETAIN_SELF = YES;
				CLANG_WARN_OBJC_LITERAL_CONVERSION = YES;
				CLANG_WARN_OBJC_ROOT_CLASS = YES_ERROR;
				CLANG_WARN_QUOTED_INCLUDE_IN_FRAMEWORK_HEADER = YES;
				CLANG_WARN_RANGE_LOOP_ANALYSIS = YES;
				CLANG_WARN_STRICT_PROTOTYPES = YES;
				CLANG_WARN_SUSPICIOUS_MOVE = YES;
				CLANG_WARN_UNGUARDED_AVAILABILITY = YES_AGGRESSIVE;
				CLANG_WARN_UNREACHABLE_CODE = YES;
				CLANG_WARN__DUPLICATE_METHOD_MATCH = YES;
				COPY_PHASE_STRIP = NO;
				DEBUG_INFORMATION_FORMAT = dwarf;
				ENABLE_STRICT_OBJC_MSGSEND = YES;
				ENABLE_TESTABILITY = YES;
				GCC_C_LANGUAGE_STANDARD = gnu11;
				GCC_DYNAMIC_NO_PIC = NO;
				GCC_NO_COMMON_BLOCKS = YES;
				GCC_OPTIMIZATION_LEVEL = 0;
				GCC_PREPROCESSOR_DEFINITIONS = (
					"DEBUG=1",
					"$(inherited)",
				);
				GCC_WARN_64_TO_32_BIT_CONVERSION = YES;
				GCC_WARN_ABOUT_RETURN_TYPE = YES_ERROR;
				GCC_WARN_UNDECLARED_SELECTOR = YES;
				GCC_WARN_UNINITIALIZED_AUTOS = YES_AGGRESSIVE;
				GCC_WARN_UNUSED_FUNCTION = YES;
				GCC_WARN_UNUSED_VARIABLE = YES;
				IPHONEOS_DEPLOYMENT_TARGET = 14.5;
				MTL_ENABLE_DEBUG_INFO = INCLUDE_SOURCE;
				MTL_FAST_MATH = YES;
				ONLY_ACTIVE_ARCH = YES;
				SDKROOT = iphoneos;
				SWIFT_ACTIVE_COMPILATION_CONDITIONS = DEBUG;
				SWIFT_OPTIMIZATION_LEVEL = "-Onone";
			};
			name = Debug;
		};
		AA02166326AE3A3F00FAC169 /* Release */ = {
			isa = XCBuildConfiguration;
			buildSettings = {
				ALWAYS_SEARCH_USER_PATHS = NO;
				CLANG_ANALYZER_NONNULL = YES;
				CLANG_ANALYZER_NUMBER_OBJECT_CONVERSION = YES_AGGRESSIVE;
				CLANG_CXX_LANGUAGE_STANDARD = "gnu++14";
				CLANG_CXX_LIBRARY = "libc++";
				CLANG_ENABLE_MODULES = YES;
				CLANG_ENABLE_OBJC_ARC = YES;
				CLANG_ENABLE_OBJC_WEAK = YES;
				CLANG_WARN_BLOCK_CAPTURE_AUTORELEASING = YES;
				CLANG_WARN_BOOL_CONVERSION = YES;
				CLANG_WARN_COMMA = YES;
				CLANG_WARN_CONSTANT_CONVERSION = YES;
				CLANG_WARN_DEPRECATED_OBJC_IMPLEMENTATIONS = YES;
				CLANG_WARN_DIRECT_OBJC_ISA_USAGE = YES_ERROR;
				CLANG_WARN_DOCUMENTATION_COMMENTS = YES;
				CLANG_WARN_EMPTY_BODY = YES;
				CLANG_WARN_ENUM_CONVERSION = YES;
				CLANG_WARN_INFINITE_RECURSION = YES;
				CLANG_WARN_INT_CONVERSION = YES;
				CLANG_WARN_NON_LITERAL_NULL_CONVERSION = YES;
				CLANG_WARN_OBJC_IMPLICIT_RETAIN_SELF = YES;
				CLANG_WARN_OBJC_LITERAL_CONVERSION = YES;
				CLANG_WARN_OBJC_ROOT_CLASS = YES_ERROR;
				CLANG_WARN_QUOTED_INCLUDE_IN_FRAMEWORK_HEADER = YES;
				CLANG_WARN_RANGE_LOOP_ANALYSIS = YES;
				CLANG_WARN_STRICT_PROTOTYPES = YES;
				CLANG_WARN_SUSPICIOUS_MOVE = YES;
				CLANG_WARN_UNGUARDED_AVAILABILITY = YES_AGGRESSIVE;
				CLANG_WARN_UNREACHABLE_CODE = YES;
				CLANG_WARN__DUPLICATE_METHOD_MATCH = YES;
				COPY_PHASE_STRIP = NO;
				DEBUG_INFORMATION_FORMAT = "dwarf-with-dsym";
				ENABLE_NS_ASSERTIONS = NO;
				ENABLE_STRICT_OBJC_MSGSEND = YES;
				GCC_C_LANGUAGE_STANDARD = gnu11;
				GCC_NO_COMMON_BLOCKS = YES;
				GCC_WARN_64_TO_32_BIT_CONVERSION = YES;
				GCC_WARN_ABOUT_RETURN_TYPE = YES_ERROR;
				GCC_WARN_UNDECLARED_SELECTOR = YES;
				GCC_WARN_UNINITIALIZED_AUTOS = YES_AGGRESSIVE;
				GCC_WARN_UNUSED_FUNCTION = YES;
				GCC_WARN_UNUSED_VARIABLE = YES;
				IPHONEOS_DEPLOYMENT_TARGET = 14.5;
				MTL_ENABLE_DEBUG_INFO = NO;
				MTL_FAST_MATH = YES;
				SDKROOT = iphoneos;
				SWIFT_COMPILATION_MODE = wholemodule;
				SWIFT_OPTIMIZATION_LEVEL = "-O";
				VALIDATE_PRODUCT = YES;
			};
			name = Release;
		};
		AA02166526AE3A3F00FAC169 /* Debug */ = {
			isa = XCBuildConfiguration;
			buildSettings = {
				ASSETCATALOG_COMPILER_APPICON_NAME = AppIcon;
				ASSETCATALOG_COMPILER_GLOBAL_ACCENT_COLOR_NAME = AccentColor;
				CODE_SIGN_STYLE = Automatic;
				DEVELOPMENT_TEAM = T4JB96P77H;
				INFOPLIST_FILE = Camp_SentimentBot_UIKit/Info.plist;
				LD_RUNPATH_SEARCH_PATHS = (
					"$(inherited)",
					"@executable_path/Frameworks",
				);
				PRODUCT_BUNDLE_IDENTIFIER = "world.aiclub.Camp-SentimentBot-UIKit";
				PRODUCT_NAME = "$(TARGET_NAME)";
				SWIFT_VERSION = 5.0;
				TARGETED_DEVICE_FAMILY = "1,2";
			};
			name = Debug;
		};
		AA02166626AE3A3F00FAC169 /* Release */ = {
			isa = XCBuildConfiguration;
			buildSettings = {
				ASSETCATALOG_COMPILER_APPICON_NAME = AppIcon;
				ASSETCATALOG_COMPILER_GLOBAL_ACCENT_COLOR_NAME = AccentColor;
				CODE_SIGN_STYLE = Automatic;
				DEVELOPMENT_TEAM = T4JB96P77H;
				INFOPLIST_FILE = Camp_SentimentBot_UIKit/Info.plist;
				LD_RUNPATH_SEARCH_PATHS = (
					"$(inherited)",
					"@executable_path/Frameworks",
				);
				PRODUCT_BUNDLE_IDENTIFIER = "world.aiclub.Camp-SentimentBot-UIKit";
				PRODUCT_NAME = "$(TARGET_NAME)";
				SWIFT_VERSION = 5.0;
				TARGETED_DEVICE_FAMILY = "1,2";
			};
			name = Release;
		};
/* End XCBuildConfiguration section */

/* Begin XCConfigurationList section */
		AA02164B26AE3A3D00FAC169 /* Build configuration list for PBXProject "Camp_SentimentBot_UIKit" */ = {
			isa = XCConfigurationList;
			buildConfigurations = (
				AA02166226AE3A3F00FAC169 /* Debug */,
				AA02166326AE3A3F00FAC169 /* Release */,
			);
			defaultConfigurationIsVisible = 0;
			defaultConfigurationName = Release;
		};
		AA02166426AE3A3F00FAC169 /* Build configuration list for PBXNativeTarget "Camp_SentimentBot_UIKit" */ = {
			isa = XCConfigurationList;
			buildConfigurations = (
				AA02166526AE3A3F00FAC169 /* Debug */,
				AA02166626AE3A3F00FAC169 /* Release */,
			);
			defaultConfigurationIsVisible = 0;
			defaultConfigurationName = Release;
		};
/* End XCConfigurationList section */

/* Begin XCRemoteSwiftPackageReference section */
		AA02166726AE3AAB00FAC169 /* XCRemoteSwiftPackageReference "MessageKit" */ = {
			isa = XCRemoteSwiftPackageReference;
			repositoryURL = "https://github.com/MessageKit/MessageKit";
			requirement = {
				kind = upToNextMajorVersion;
				minimumVersion = 3.6.1;
			};
		};
		AA02166A26AE3AC100FAC169 /* XCRemoteSwiftPackageReference "SwiftyJSON" */ = {
			isa = XCRemoteSwiftPackageReference;
			repositoryURL = "https://github.com/SwiftyJSON/SwiftyJSON";
			requirement = {
				kind = upToNextMajorVersion;
				minimumVersion = 5.0.1;
			};
		};
		AA02166D26AE3ADC00FAC169 /* XCRemoteSwiftPackageReference "Alamofire" */ = {
			isa = XCRemoteSwiftPackageReference;
			repositoryURL = "https://github.com/Alamofire/Alamofire";
			requirement = {
				kind = upToNextMajorVersion;
				minimumVersion = 5.4.3;
			};
		};
/* End XCRemoteSwiftPackageReference section */

/* Begin XCSwiftPackageProductDependency section */
		AA02166826AE3AAB00FAC169 /* MessageKit */ = {
			isa = XCSwiftPackageProductDependency;
			package = AA02166726AE3AAB00FAC169 /* XCRemoteSwiftPackageReference "MessageKit" */;
			productName = MessageKit;
		};
		AA02166B26AE3AC200FAC169 /* SwiftyJSON */ = {
			isa = XCSwiftPackageProductDependency;
			package = AA02166A26AE3AC100FAC169 /* XCRemoteSwiftPackageReference "SwiftyJSON" */;
			productName = SwiftyJSON;
		};
		AA02166E26AE3ADC00FAC169 /* Alamofire */ = {
			isa = XCSwiftPackageProductDependency;
			package = AA02166D26AE3ADC00FAC169 /* XCRemoteSwiftPackageReference "Alamofire" */;
			productName = Alamofire;
		};
/* End XCSwiftPackageProductDependency section */
	};
	rootObject = AA02164826AE3A3D00FAC169 /* Project object */;
}
